
Microsoft Visual Studio Solution File, Format Version 12.00
# Visual Studio Version 16
VisualStudioVersion = 16.0.30503.244
MinimumVisualStudioVersion = 10.0.40219.1
Project("{FAE04EC0-301F-11D3-BF4B-00C04F79EFBC}") = "ProyectoAnalisis2", "ProyectoAnalisis2\ProyectoAnalisis2.csproj", "{FD872274-DFBF-40D9-959F-4853B80F9AD4}"
EndProject
Global
	GlobalSection(SolutionConfigurationPlatforms) = preSolution
		Debug|Any CPU = Debug|Any CPU
		Release|Any CPU = Release|Any CPU
	EndGlobalSection
	GlobalSection(ProjectConfigurationPlatforms) = postSolution
		{FD872274-DFBF-40D9-959F-4853B80F9AD4}.Debug|Any CPU.ActiveCfg = Debug|Any CPU
		{FD872274-DFBF-40D9-959F-4853B80F9AD4}.Debug|Any CPU.Build.0 = Debug|Any CPU
		{FD872274-DFBF-40D9-959F-4853B80F9AD4}.Release|Any CPU.ActiveCfg = Release|Any CPU
		{FD872274-DFBF-40D9-959F-4853B80F9AD4}.Release|Any CPU.Build.0 = Release|Any CPU
	EndGlobalSection
	GlobalSection(SolutionProperties) = preSolution
		HideSolutionNode = FALSE
	EndGlobalSection
	GlobalSection(ExtensibilityGlobals) = postSolution
		SolutionGuid = {46CC83F5-9114-4E99-B8A7-693A35889704}
	EndGlobalSection
EndGlobal
